
Microsoft Visual Studio Solution File, Format Version 12.00
# Visual Studio Version 17
VisualStudioVersion = 17.14.36109.1
MinimumVisualStudioVersion = 10.0.40219.1
Project("{FAE04EC0-301F-11D3-BF4B-00C04F79EFBC}") = "Fabstore.Domain", "Fabstore.Domain\Fabstore.Domain.csproj", "{FAFA92C9-49D6-4B57-8D0D-67E703EE3DC6}"
EndProject
Project("{FAE04EC0-301F-11D3-BF4B-00C04F79EFBC}") = "Fabstore.DataAccess", "Fabstore.DataAccess\Fabstore.DataAccess.csproj", "{8996B87D-9A48-48EC-8370-75CBFC8F6F6A}"
EndProject
Project("{FAE04EC0-301F-11D3-BF4B-00C04F79EFBC}") = "Fabstore.Service", "Fabstore.Service\Fabstore.Service.csproj", "{15E5BBE0-56E0-4F60-B43E-619C32DE39DA}"
EndProject
Project("{FAE04EC0-301F-11D3-BF4B-00C04F79EFBC}") = "Fabstore.WebApplication", "Fabstore.WebApplication\Fabstore.WebApplication.csproj", "{37E3B6E7-515D-7CA3-BE0E-9DBF25B5733D}"
EndProject
Project("{FAE04EC0-301F-11D3-BF4B-00C04F79EFBC}") = "Fabstore.Framework", "Fabstore.Framework\Fabstore.Framework.csproj", "{9793C8DD-2039-4E01-BF19-AEAA2D928BCC}"
EndProject
Global
	GlobalSection(SolutionConfigurationPlatforms) = preSolution
		Debug|Any CPU = Debug|Any CPU
		Release|Any CPU = Release|Any CPU
	EndGlobalSection
	GlobalSection(ProjectConfigurationPlatforms) = postSolution
		{FAFA92C9-49D6-4B57-8D0D-67E703EE3DC6}.Debug|Any CPU.ActiveCfg = Debug|Any CPU
		{FAFA92C9-49D6-4B57-8D0D-67E703EE3DC6}.Debug|Any CPU.Build.0 = Debug|Any CPU
		{FAFA92C9-49D6-4B57-8D0D-67E703EE3DC6}.Release|Any CPU.ActiveCfg = Release|Any CPU
		{FAFA92C9-49D6-4B57-8D0D-67E703EE3DC6}.Release|Any CPU.Build.0 = Release|Any CPU
		{8996B87D-9A48-48EC-8370-75CBFC8F6F6A}.Debug|Any CPU.ActiveCfg = Debug|Any CPU
		{8996B87D-9A48-48EC-8370-75CBFC8F6F6A}.Debug|Any CPU.Build.0 = Debug|Any CPU
		{8996B87D-9A48-48EC-8370-75CBFC8F6F6A}.Release|Any CPU.ActiveCfg = Release|Any CPU
		{8996B87D-9A48-48EC-8370-75CBFC8F6F6A}.Release|Any CPU.Build.0 = Release|Any CPU
		{15E5BBE0-56E0-4F60-B43E-619C32DE39DA}.Debug|Any CPU.ActiveCfg = Debug|Any CPU
		{15E5BBE0-56E0-4F60-B43E-619C32DE39DA}.Debug|Any CPU.Build.0 = Debug|Any CPU
		{15E5BBE0-56E0-4F60-B43E-619C32DE39DA}.Release|Any CPU.ActiveCfg = Release|Any CPU
		{15E5BBE0-56E0-4F60-B43E-619C32DE39DA}.Release|Any CPU.Build.0 = Release|Any CPU
		{37E3B6E7-515D-7CA3-BE0E-9DBF25B5733D}.Debug|Any CPU.ActiveCfg = Debug|Any CPU
		{37E3B6E7-515D-7CA3-BE0E-9DBF25B5733D}.Debug|Any CPU.Build.0 = Debug|Any CPU
		{37E3B6E7-515D-7CA3-BE0E-9DBF25B5733D}.Release|Any CPU.ActiveCfg = Release|Any CPU
		{37E3B6E7-515D-7CA3-BE0E-9DBF25B5733D}.Release|Any CPU.Build.0 = Release|Any CPU
		{9793C8DD-2039-4E01-BF19-AEAA2D928BCC}.Debug|Any CPU.ActiveCfg = Debug|Any CPU
		{9793C8DD-2039-4E01-BF19-AEAA2D928BCC}.Debug|Any CPU.Build.0 = Debug|Any CPU
		{9793C8DD-2039-4E01-BF19-AEAA2D928BCC}.Release|Any CPU.ActiveCfg = Release|Any CPU
		{9793C8DD-2039-4E01-BF19-AEAA2D928BCC}.Release|Any CPU.Build.0 = Release|Any CPU
	EndGlobalSection
	GlobalSection(SolutionProperties) = preSolution
		HideSolutionNode = FALSE
	EndGlobalSection
	GlobalSection(ExtensibilityGlobals) = postSolution
		SolutionGuid = {433CDCF2-CB01-48E1-BF5A-3DCA2FD1C2BA}
	EndGlobalSection
EndGlobal
